
Microsoft Visual Studio Solution File, Format Version 12.00
# Visual Studio 15
VisualStudioVersion = 15.0.28307.1145
MinimumVisualStudioVersion = 10.0.40219.1
Project("{FAE04EC0-301F-11D3-BF4B-00C04F79EFBC}") = "snipper1", "snipper1\snipper1.csproj", "{82013580-3DBE-4114-B296-26D5CBAE10FB}"
EndProject
Global
	GlobalSection(SolutionConfigurationPlatforms) = preSolution
		Debug|Any CPU = Debug|Any CPU
		Release|Any CPU = Release|Any CPU
	EndGlobalSection
	GlobalSection(ProjectConfigurationPlatforms) = postSolution
		{82013580-3DBE-4114-B296-26D5CBAE10FB}.Debug|Any CPU.ActiveCfg = Debug|Any CPU
		{82013580-3DBE-4114-B296-26D5CBAE10FB}.Debug|Any CPU.Build.0 = Debug|Any CPU
		{82013580-3DBE-4114-B296-26D5CBAE10FB}.Release|Any CPU.ActiveCfg = Release|Any CPU
		{82013580-3DBE-4114-B296-26D5CBAE10FB}.Release|Any CPU.Build.0 = Release|Any CPU
	EndGlobalSection
	GlobalSection(SolutionProperties) = preSolution
		HideSolutionNode = FALSE
	EndGlobalSection
	GlobalSection(ExtensibilityGlobals) = postSolution
		SolutionGuid = {266CB45A-C9CE-4864-AD66-447E7C459BBA}
	EndGlobalSection
EndGlobal
