
Microsoft Visual Studio Solution File, Format Version 12.00
# Visual Studio 15
VisualStudioVersion = 15.0.28307.1145
MinimumVisualStudioVersion = 10.0.40219.1
Project("{FAE04EC0-301F-11D3-BF4B-00C04F79EFBC}") = "lab04(2)", "lab04(2)\lab04(2).csproj", "{803DF587-7060-437A-B516-F0627490B2A6}"
EndProject
Global
	GlobalSection(SolutionConfigurationPlatforms) = preSolution
		Debug|Any CPU = Debug|Any CPU
		Release|Any CPU = Release|Any CPU
	EndGlobalSection
	GlobalSection(ProjectConfigurationPlatforms) = postSolution
		{803DF587-7060-437A-B516-F0627490B2A6}.Debug|Any CPU.ActiveCfg = Debug|Any CPU
		{803DF587-7060-437A-B516-F0627490B2A6}.Debug|Any CPU.Build.0 = Debug|Any CPU
		{803DF587-7060-437A-B516-F0627490B2A6}.Release|Any CPU.ActiveCfg = Release|Any CPU
		{803DF587-7060-437A-B516-F0627490B2A6}.Release|Any CPU.Build.0 = Release|Any CPU
	EndGlobalSection
	GlobalSection(SolutionProperties) = preSolution
		HideSolutionNode = FALSE
	EndGlobalSection
	GlobalSection(ExtensibilityGlobals) = postSolution
		SolutionGuid = {B5BC05D1-3E00-4023-B96F-FEC72EEA7722}
	EndGlobalSection
EndGlobal
